// !$*UTF8*$!
{
	archiveVersion = 1;
	classes = {
	};
	objectVersion = 56;
	objects = {

/* Begin PBXBuildFile section */
		30BCAC362965CCDE00061E73 /* Toolbar.swift in Sources */ = {isa = PBXBuildFile; fileRef = 30BCAC352965CCDE00061E73 /* Toolbar.swift */; };
		30D8F4F82957416D0054B84A /* budgetplusApp.swift in Sources */ = {isa = PBXBuildFile; fileRef = 30D8F4F72957416D0054B84A /* budgetplusApp.swift */; };
		30D8F4FA2957416D0054B84A /* RootView.swift in Sources */ = {isa = PBXBuildFile; fileRef = 30D8F4F92957416D0054B84A /* RootView.swift */; };
		30D8F4FC2957416D0054B84A /* Assets.xcassets in Resources */ = {isa = PBXBuildFile; fileRef = 30D8F4FB2957416D0054B84A /* Assets.xcassets */; };
		30D8F4FF2957416D0054B84A /* Preview Assets.xcassets in Resources */ = {isa = PBXBuildFile; fileRef = 30D8F4FE2957416D0054B84A /* Preview Assets.xcassets */; };
		30D8F50929574F840054B84A /* Poppins-Medium.ttf in Resources */ = {isa = PBXBuildFile; fileRef = 30D8F50629574F830054B84A /* Poppins-Medium.ttf */; };
		30D8F50A29574F840054B84A /* Poppins-Regular.ttf in Resources */ = {isa = PBXBuildFile; fileRef = 30D8F50729574F840054B84A /* Poppins-Regular.ttf */; };
		30D8F50B29574F840054B84A /* Poppins-Bold.ttf in Resources */ = {isa = PBXBuildFile; fileRef = 30D8F50829574F840054B84A /* Poppins-Bold.ttf */; };
		30D8F50E295750540054B84A /* FontStyles.swift in Sources */ = {isa = PBXBuildFile; fileRef = 30D8F50D295750540054B84A /* FontStyles.swift */; };
		30D8F510295757F00054B84A /* TransactionsView.swift in Sources */ = {isa = PBXBuildFile; fileRef = 30D8F50F295757F00054B84A /* TransactionsView.swift */; };
		30D8F512295758080054B84A /* BudgetsView.swift in Sources */ = {isa = PBXBuildFile; fileRef = 30D8F511295758080054B84A /* BudgetsView.swift */; };
		30D8F514295758150054B84A /* AccountsView.swift in Sources */ = {isa = PBXBuildFile; fileRef = 30D8F513295758150054B84A /* AccountsView.swift */; };
		30D8F516295758240054B84A /* SettingsView.swift in Sources */ = {isa = PBXBuildFile; fileRef = 30D8F515295758240054B84A /* SettingsView.swift */; };
		30EEB55B29584D100087A789 /* Tabbar.swift in Sources */ = {isa = PBXBuildFile; fileRef = 30EEB55A29584D100087A789 /* Tabbar.swift */; };
		30EEB55E295855AA0087A789 /* Tab.swift in Sources */ = {isa = PBXBuildFile; fileRef = 30EEB55D295855AA0087A789 /* Tab.swift */; };
		30F80D512965D3B100C7BBDA /* Search.swift in Sources */ = {isa = PBXBuildFile; fileRef = 30F80D502965D3B100C7BBDA /* Search.swift */; };
/* End PBXBuildFile section */

/* Begin PBXFileReference section */
		30BCAC352965CCDE00061E73 /* Toolbar.swift */ = {isa = PBXFileReference; lastKnownFileType = sourcecode.swift; path = Toolbar.swift; sourceTree = "<group>"; };
		30D8F4F42957416D0054B84A /* budgetplus.app */ = {isa = PBXFileReference; explicitFileType = wrapper.application; includeInIndex = 0; path = budgetplus.app; sourceTree = BUILT_PRODUCTS_DIR; };
		30D8F4F72957416D0054B84A /* budgetplusApp.swift */ = {isa = PBXFileReference; lastKnownFileType = sourcecode.swift; path = budgetplusApp.swift; sourceTree = "<group>"; };
		30D8F4F92957416D0054B84A /* RootView.swift */ = {isa = PBXFileReference; lastKnownFileType = sourcecode.swift; path = RootView.swift; sourceTree = "<group>"; };
		30D8F4FB2957416D0054B84A /* Assets.xcassets */ = {isa = PBXFileReference; lastKnownFileType = folder.assetcatalog; path = Assets.xcassets; sourceTree = "<group>"; };
		30D8F4FE2957416D0054B84A /* Preview Assets.xcassets */ = {isa = PBXFileReference; lastKnownFileType = folder.assetcatalog; path = "Preview Assets.xcassets"; sourceTree = "<group>"; };
		30D8F50629574F830054B84A /* Poppins-Medium.ttf */ = {isa = PBXFileReference; lastKnownFileType = file; path = "Poppins-Medium.ttf"; sourceTree = "<group>"; };
		30D8F50729574F840054B84A /* Poppins-Regular.ttf */ = {isa = PBXFileReference; lastKnownFileType = file; path = "Poppins-Regular.ttf"; sourceTree = "<group>"; };
		30D8F50829574F840054B84A /* Poppins-Bold.ttf */ = {isa = PBXFileReference; lastKnownFileType = file; path = "Poppins-Bold.ttf"; sourceTree = "<group>"; };
		30D8F50C29574FD90054B84A /* Info.plist */ = {isa = PBXFileReference; lastKnownFileType = text.plist; path = Info.plist; sourceTree = "<group>"; };
		30D8F50D295750540054B84A /* FontStyles.swift */ = {isa = PBXFileReference; lastKnownFileType = sourcecode.swift; path = FontStyles.swift; sourceTree = "<group>"; };
		30D8F50F295757F00054B84A /* TransactionsView.swift */ = {isa = PBXFileReference; lastKnownFileType = sourcecode.swift; path = TransactionsView.swift; sourceTree = "<group>"; };
		30D8F511295758080054B84A /* BudgetsView.swift */ = {isa = PBXFileReference; lastKnownFileType = sourcecode.swift; path = BudgetsView.swift; sourceTree = "<group>"; };
		30D8F513295758150054B84A /* AccountsView.swift */ = {isa = PBXFileReference; lastKnownFileType = sourcecode.swift; path = AccountsView.swift; sourceTree = "<group>"; };
		30D8F515295758240054B84A /* SettingsView.swift */ = {isa = PBXFileReference; lastKnownFileType = sourcecode.swift; path = SettingsView.swift; sourceTree = "<group>"; };
		30EEB55A29584D100087A789 /* Tabbar.swift */ = {isa = PBXFileReference; lastKnownFileType = sourcecode.swift; path = Tabbar.swift; sourceTree = "<group>"; };
		30EEB55D295855AA0087A789 /* Tab.swift */ = {isa = PBXFileReference; lastKnownFileType = sourcecode.swift; path = Tab.swift; sourceTree = "<group>"; };
		30F80D502965D3B100C7BBDA /* Search.swift */ = {isa = PBXFileReference; lastKnownFileType = sourcecode.swift; path = Search.swift; sourceTree = "<group>"; };
/* End PBXFileReference section */

/* Begin PBXFrameworksBuildPhase section */
		30D8F4F12957416D0054B84A /* Frameworks */ = {
			isa = PBXFrameworksBuildPhase;
			buildActionMask = 2147483647;
			files = (
			);
			runOnlyForDeploymentPostprocessing = 0;
		};
/* End PBXFrameworksBuildPhase section */

/* Begin PBXGroup section */
		30BCAC322965CB9600061E73 /* Components */ = {
			isa = PBXGroup;
			children = (
				30F80D502965D3B100C7BBDA /* Search.swift */,
				30EEB55D295855AA0087A789 /* Tab.swift */,
				30EEB55A29584D100087A789 /* Tabbar.swift */,
				30BCAC352965CCDE00061E73 /* Toolbar.swift */,
			);
			path = Components;
			sourceTree = "<group>";
		};
		30D8F4EB2957416D0054B84A = {
			isa = PBXGroup;
			children = (
				30D8F4F62957416D0054B84A /* budgetplus */,
				30D8F4F52957416D0054B84A /* Products */,
			);
			sourceTree = "<group>";
		};
		30D8F4F52957416D0054B84A /* Products */ = {
			isa = PBXGroup;
			children = (
				30D8F4F42957416D0054B84A /* budgetplus.app */,
			);
			name = Products;
			sourceTree = "<group>";
		};
		30D8F4F62957416D0054B84A /* budgetplus */ = {
			isa = PBXGroup;
			children = (
				30D8F50C29574FD90054B84A /* Info.plist */,
				30D8F4F72957416D0054B84A /* budgetplusApp.swift */,
				30D8F4F92957416D0054B84A /* RootView.swift */,
				30BCAC322965CB9600061E73 /* Components */,
				30F80D532965D4A200C7BBDA /* Screens */,
				30D8F50D295750540054B84A /* FontStyles.swift */,
				30D8F50529574D750054B84A /* Fonts */,
				30D8F4FB2957416D0054B84A /* Assets.xcassets */,
				30D8F4FD2957416D0054B84A /* Preview Content */,
			);
			path = budgetplus;
			sourceTree = "<group>";
		};
		30D8F4FD2957416D0054B84A /* Preview Content */ = {
			isa = PBXGroup;
			children = (
				30D8F4FE2957416D0054B84A /* Preview Assets.xcassets */,
			);
			path = "Preview Content";
			sourceTree = "<group>";
		};
		30D8F50529574D750054B84A /* Fonts */ = {
			isa = PBXGroup;
			children = (
				30D8F50829574F840054B84A /* Poppins-Bold.ttf */,
				30D8F50629574F830054B84A /* Poppins-Medium.ttf */,
				30D8F50729574F840054B84A /* Poppins-Regular.ttf */,
			);
			path = Fonts;
			sourceTree = "<group>";
		};
		30F80D532965D4A200C7BBDA /* Screens */ = {
			isa = PBXGroup;
			children = (
				30D8F50F295757F00054B84A /* TransactionsView.swift */,
				30D8F511295758080054B84A /* BudgetsView.swift */,
				30D8F513295758150054B84A /* AccountsView.swift */,
				30D8F515295758240054B84A /* SettingsView.swift */,
			);
			path = Screens;
			sourceTree = "<group>";
		};
/* End PBXGroup section */

/* Begin PBXNativeTarget section */
		30D8F4F32957416D0054B84A /* budgetplus */ = {
			isa = PBXNativeTarget;
			buildConfigurationList = 30D8F5022957416D0054B84A /* Build configuration list for PBXNativeTarget "budgetplus" */;
			buildPhases = (
				30D8F4F02957416D0054B84A /* Sources */,
				30D8F4F12957416D0054B84A /* Frameworks */,
				30D8F4F22957416D0054B84A /* Resources */,
			);
			buildRules = (
			);
			dependencies = (
			);
			name = budgetplus;
			productName = budgetplus;
			productReference = 30D8F4F42957416D0054B84A /* budgetplus.app */;
			productType = "com.apple.product-type.application";
		};
/* End PBXNativeTarget section */

/* Begin PBXProject section */
		30D8F4EC2957416D0054B84A /* Project object */ = {
			isa = PBXProject;
			attributes = {
				BuildIndependentTargetsInParallel = 1;
				LastSwiftUpdateCheck = 1420;
				LastUpgradeCheck = 1420;
				TargetAttributes = {
					30D8F4F32957416D0054B84A = {
						CreatedOnToolsVersion = 14.2;
					};
				};
			};
			buildConfigurationList = 30D8F4EF2957416D0054B84A /* Build configuration list for PBXProject "budgetplus" */;
			compatibilityVersion = "Xcode 14.0";
			developmentRegion = en;
			hasScannedForEncodings = 0;
			knownRegions = (
				en,
				Base,
			);
			mainGroup = 30D8F4EB2957416D0054B84A;
			productRefGroup = 30D8F4F52957416D0054B84A /* Products */;
			projectDirPath = "";
			projectRoot = "";
			targets = (
				30D8F4F32957416D0054B84A /* budgetplus */,
			);
		};
/* End PBXProject section */

/* Begin PBXResourcesBuildPhase section */
		30D8F4F22957416D0054B84A /* Resources */ = {
			isa = PBXResourcesBuildPhase;
			buildActionMask = 2147483647;
			files = (
				30D8F50929574F840054B84A /* Poppins-Medium.ttf in Resources */,
				30D8F4FF2957416D0054B84A /* Preview Assets.xcassets in Resources */,
				30D8F50B29574F840054B84A /* Poppins-Bold.ttf in Resources */,
				30D8F4FC2957416D0054B84A /* Assets.xcassets in Resources */,
				30D8F50A29574F840054B84A /* Poppins-Regular.ttf in Resources */,
			);
			runOnlyForDeploymentPostprocessing = 0;
		};
/* End PBXResourcesBuildPhase section */

/* Begin PBXSourcesBuildPhase section */
		30D8F4F02957416D0054B84A /* Sources */ = {
			isa = PBXSourcesBuildPhase;
			buildActionMask = 2147483647;
			files = (
				30F80D512965D3B100C7BBDA /* Search.swift in Sources */,
				30D8F516295758240054B84A /* SettingsView.swift in Sources */,
				30D8F4FA2957416D0054B84A /* RootView.swift in Sources */,
				30D8F510295757F00054B84A /* TransactionsView.swift in Sources */,
				30EEB55B29584D100087A789 /* Tabbar.swift in Sources */,
				30D8F514295758150054B84A /* AccountsView.swift in Sources */,
				30D8F512295758080054B84A /* BudgetsView.swift in Sources */,
				30EEB55E295855AA0087A789 /* Tab.swift in Sources */,
				30BCAC362965CCDE00061E73 /* Toolbar.swift in Sources */,
				30D8F4F82957416D0054B84A /* budgetplusApp.swift in Sources */,
				30D8F50E295750540054B84A /* FontStyles.swift in Sources */,
			);
			runOnlyForDeploymentPostprocessing = 0;
		};
/* End PBXSourcesBuildPhase section */

/* Begin XCBuildConfiguration section */
		30D8F5002957416D0054B84A /* Debug */ = {
			isa = XCBuildConfiguration;
			buildSettings = {
				ALWAYS_SEARCH_USER_PATHS = NO;
				CLANG_ANALYZER_NONNULL = YES;
				CLANG_ANALYZER_NUMBER_OBJECT_CONVERSION = YES_AGGRESSIVE;
				CLANG_CXX_LANGUAGE_STANDARD = "gnu++20";
				CLANG_ENABLE_MODULES = YES;
				CLANG_ENABLE_OBJC_ARC = YES;
				CLANG_ENABLE_OBJC_WEAK = YES;
				CLANG_WARN_BLOCK_CAPTURE_AUTORELEASING = YES;
				CLANG_WARN_BOOL_CONVERSION = YES;
				CLANG_WARN_COMMA = YES;
				CLANG_WARN_CONSTANT_CONVERSION = YES;
				CLANG_WARN_DEPRECATED_OBJC_IMPLEMENTATIONS = YES;
				CLANG_WARN_DIRECT_OBJC_ISA_USAGE = YES_ERROR;
				CLANG_WARN_DOCUMENTATION_COMMENTS = YES;
				CLANG_WARN_EMPTY_BODY = YES;
				CLANG_WARN_ENUM_CONVERSION = YES;
				CLANG_WARN_INFINITE_RECURSION = YES;
				CLANG_WARN_INT_CONVERSION = YES;
				CLANG_WARN_NON_LITERAL_NULL_CONVERSION = YES;
				CLANG_WARN_OBJC_IMPLICIT_RETAIN_SELF = YES;
				CLANG_WARN_OBJC_LITERAL_CONVERSION = YES;
				CLANG_WARN_OBJC_ROOT_CLASS = YES_ERROR;
				CLANG_WARN_QUOTED_INCLUDE_IN_FRAMEWORK_HEADER = YES;
				CLANG_WARN_RANGE_LOOP_ANALYSIS = YES;
				CLANG_WARN_STRICT_PROTOTYPES = YES;
				CLANG_WARN_SUSPICIOUS_MOVE = YES;
				CLANG_WARN_UNGUARDED_AVAILABILITY = YES_AGGRESSIVE;
				CLANG_WARN_UNREACHABLE_CODE = YES;
				CLANG_WARN__DUPLICATE_METHOD_MATCH = YES;
				COPY_PHASE_STRIP = NO;
				DEBUG_INFORMATION_FORMAT = dwarf;
				ENABLE_STRICT_OBJC_MSGSEND = YES;
				ENABLE_TESTABILITY = YES;
				GCC_C_LANGUAGE_STANDARD = gnu11;
				GCC_DYNAMIC_NO_PIC = NO;
				GCC_NO_COMMON_BLOCKS = YES;
				GCC_OPTIMIZATION_LEVEL = 0;
				GCC_PREPROCESSOR_DEFINITIONS = (
					"DEBUG=1",
					"$(inherited)",
				);
				GCC_WARN_64_TO_32_BIT_CONVERSION = YES;
				GCC_WARN_ABOUT_RETURN_TYPE = YES_ERROR;
				GCC_WARN_UNDECLARED_SELECTOR = YES;
				GCC_WARN_UNINITIALIZED_AUTOS = YES_AGGRESSIVE;
				GCC_WARN_UNUSED_FUNCTION = YES;
				GCC_WARN_UNUSED_VARIABLE = YES;
				IPHONEOS_DEPLOYMENT_TARGET = 16.2;
				MTL_ENABLE_DEBUG_INFO = INCLUDE_SOURCE;
				MTL_FAST_MATH = YES;
				ONLY_ACTIVE_ARCH = YES;
				SDKROOT = iphoneos;
				SWIFT_ACTIVE_COMPILATION_CONDITIONS = DEBUG;
				SWIFT_OPTIMIZATION_LEVEL = "-Onone";
			};
			name = Debug;
		};
		30D8F5012957416D0054B84A /* Release */ = {
			isa = XCBuildConfiguration;
			buildSettings = {
				ALWAYS_SEARCH_USER_PATHS = NO;
				CLANG_ANALYZER_NONNULL = YES;
				CLANG_ANALYZER_NUMBER_OBJECT_CONVERSION = YES_AGGRESSIVE;
				CLANG_CXX_LANGUAGE_STANDARD = "gnu++20";
				CLANG_ENABLE_MODULES = YES;
				CLANG_ENABLE_OBJC_ARC = YES;
				CLANG_ENABLE_OBJC_WEAK = YES;
				CLANG_WARN_BLOCK_CAPTURE_AUTORELEASING = YES;
				CLANG_WARN_BOOL_CONVERSION = YES;
				CLANG_WARN_COMMA = YES;
				CLANG_WARN_CONSTANT_CONVERSION = YES;
				CLANG_WARN_DEPRECATED_OBJC_IMPLEMENTATIONS = YES;
				CLANG_WARN_DIRECT_OBJC_ISA_USAGE = YES_ERROR;
				CLANG_WARN_DOCUMENTATION_COMMENTS = YES;
				CLANG_WARN_EMPTY_BODY = YES;
				CLANG_WARN_ENUM_CONVERSION = YES;
				CLANG_WARN_INFINITE_RECURSION = YES;
				CLANG_WARN_INT_CONVERSION = YES;
				CLANG_WARN_NON_LITERAL_NULL_CONVERSION = YES;
				CLANG_WARN_OBJC_IMPLICIT_RETAIN_SELF = YES;
				CLANG_WARN_OBJC_LITERAL_CONVERSION = YES;
				CLANG_WARN_OBJC_ROOT_CLASS = YES_ERROR;
				CLANG_WARN_QUOTED_INCLUDE_IN_FRAMEWORK_HEADER = YES;
				CLANG_WARN_RANGE_LOOP_ANALYSIS = YES;
				CLANG_WARN_STRICT_PROTOTYPES = YES;
				CLANG_WARN_SUSPICIOUS_MOVE = YES;
				CLANG_WARN_UNGUARDED_AVAILABILITY = YES_AGGRESSIVE;
				CLANG_WARN_UNREACHABLE_CODE = YES;
				CLANG_WARN__DUPLICATE_METHOD_MATCH = YES;
				COPY_PHASE_STRIP = NO;
				DEBUG_INFORMATION_FORMAT = "dwarf-with-dsym";
				ENABLE_NS_ASSERTIONS = NO;
				ENABLE_STRICT_OBJC_MSGSEND = YES;
				GCC_C_LANGUAGE_STANDARD = gnu11;
				GCC_NO_COMMON_BLOCKS = YES;
				GCC_WARN_64_TO_32_BIT_CONVERSION = YES;
				GCC_WARN_ABOUT_RETURN_TYPE = YES_ERROR;
				GCC_WARN_UNDECLARED_SELECTOR = YES;
				GCC_WARN_UNINITIALIZED_AUTOS = YES_AGGRESSIVE;
				GCC_WARN_UNUSED_FUNCTION = YES;
				GCC_WARN_UNUSED_VARIABLE = YES;
				IPHONEOS_DEPLOYMENT_TARGET = 16.2;
				MTL_ENABLE_DEBUG_INFO = NO;
				MTL_FAST_MATH = YES;
				SDKROOT = iphoneos;
				SWIFT_COMPILATION_MODE = wholemodule;
				SWIFT_OPTIMIZATION_LEVEL = "-O";
				VALIDATE_PRODUCT = YES;
			};
			name = Release;
		};
		30D8F5032957416D0054B84A /* Debug */ = {
			isa = XCBuildConfiguration;
			buildSettings = {
				ASSETCATALOG_COMPILER_APPICON_NAME = AppIcon;
				ASSETCATALOG_COMPILER_GLOBAL_ACCENT_COLOR_NAME = AccentColor;
				CODE_SIGN_STYLE = Automatic;
				CURRENT_PROJECT_VERSION = 1;
				DEVELOPMENT_ASSET_PATHS = "\"budgetplus/Preview Content\"";
				ENABLE_PREVIEWS = YES;
				GENERATE_INFOPLIST_FILE = YES;
				INFOPLIST_FILE = budgetplus/Info.plist;
				INFOPLIST_KEY_UIApplicationSceneManifest_Generation = YES;
				INFOPLIST_KEY_UIApplicationSupportsIndirectInputEvents = YES;
				INFOPLIST_KEY_UILaunchScreen_Generation = YES;
				INFOPLIST_KEY_UISupportedInterfaceOrientations_iPad = "UIInterfaceOrientationPortrait UIInterfaceOrientationPortraitUpsideDown UIInterfaceOrientationLandscapeLeft UIInterfaceOrientationLandscapeRight";
				INFOPLIST_KEY_UISupportedInterfaceOrientations_iPhone = "UIInterfaceOrientationPortrait UIInterfaceOrientationLandscapeLeft UIInterfaceOrientationLandscapeRight";
				LD_RUNPATH_SEARCH_PATHS = (
					"$(inherited)",
					"@executable_path/Frameworks",
				);
				MARKETING_VERSION = 1.0;
				PRODUCT_BUNDLE_IDENTIFIER = com.codewithfrail.budgetplus;
				PRODUCT_NAME = "$(TARGET_NAME)";
				SWIFT_EMIT_LOC_STRINGS = YES;
				SWIFT_VERSION = 5.0;
				TARGETED_DEVICE_FAMILY = "1,2";
			};
			name = Debug;
		};
		30D8F5042957416D0054B84A /* Release */ = {
			isa = XCBuildConfiguration;
			buildSettings = {
				ASSETCATALOG_COMPILER_APPICON_NAME = AppIcon;
				ASSETCATALOG_COMPILER_GLOBAL_ACCENT_COLOR_NAME = AccentColor;
				CODE_SIGN_STYLE = Automatic;
				CURRENT_PROJECT_VERSION = 1;
				DEVELOPMENT_ASSET_PATHS = "\"budgetplus/Preview Content\"";
				ENABLE_PREVIEWS = YES;
				GENERATE_INFOPLIST_FILE = YES;
				INFOPLIST_FILE = budgetplus/Info.plist;
				INFOPLIST_KEY_UIApplicationSceneManifest_Generation = YES;
				INFOPLIST_KEY_UIApplicationSupportsIndirectInputEvents = YES;
				INFOPLIST_KEY_UILaunchScreen_Generation = YES;
				INFOPLIST_KEY_UISupportedInterfaceOrientations_iPad = "UIInterfaceOrientationPortrait UIInterfaceOrientationPortraitUpsideDown UIInterfaceOrientationLandscapeLeft UIInterfaceOrientationLandscapeRight";
				INFOPLIST_KEY_UISupportedInterfaceOrientations_iPhone = "UIInterfaceOrientationPortrait UIInterfaceOrientationLandscapeLeft UIInterfaceOrientationLandscapeRight";
				LD_RUNPATH_SEARCH_PATHS = (
					"$(inherited)",
					"@executable_path/Frameworks",
				);
				MARKETING_VERSION = 1.0;
				PRODUCT_BUNDLE_IDENTIFIER = com.codewithfrail.budgetplus;
				PRODUCT_NAME = "$(TARGET_NAME)";
				SWIFT_EMIT_LOC_STRINGS = YES;
				SWIFT_VERSION = 5.0;
				TARGETED_DEVICE_FAMILY = "1,2";
			};
			name = Release;
		};
/* End XCBuildConfiguration section */

/* Begin XCConfigurationList section */
		30D8F4EF2957416D0054B84A /* Build configuration list for PBXProject "budgetplus" */ = {
			isa = XCConfigurationList;
			buildConfigurations = (
				30D8F5002957416D0054B84A /* Debug */,
				30D8F5012957416D0054B84A /* Release */,
			);
			defaultConfigurationIsVisible = 0;
			defaultConfigurationName = Release;
		};
		30D8F5022957416D0054B84A /* Build configuration list for PBXNativeTarget "budgetplus" */ = {
			isa = XCConfigurationList;
			buildConfigurations = (
				30D8F5032957416D0054B84A /* Debug */,
				30D8F5042957416D0054B84A /* Release */,
			);
			defaultConfigurationIsVisible = 0;
			defaultConfigurationName = Release;
		};
/* End XCConfigurationList section */
	};
	rootObject = 30D8F4EC2957416D0054B84A /* Project object */;
}
